# THIS IS AN AUTOGENERATED FILE. DO NOT EDIT THIS FILE DIRECTLY.
# yarn lockfile v1


bats-assert@ztombol/bats-assert#v0.3.0:
  version "0.3.0"
  resolved "https://codeload.github.com/ztombol/bats-assert/tar.gz/cf1718da00bf1a7d33186ef13bb21841a77861c6"

bats-file@ztombol/bats-file#v0.2.0:
  version "0.2.0"
  resolved "https://codeload.github.com/ztombol/bats-file/tar.gz/2fddb2b831d65cdf2e411f3b47f4677fbb15729c"

bats-support@ztombol/bats-support#v0.3.0:
  version "0.3.0"
  resolved "https://codeload.github.com/ztombol/bats-support/tar.gz/24a72e14349690bcbf7c151b9d2d1cdd32d36eb1"

bats@^0.4.2:
  version "0.4.2"
  resolved "https://registry.yarnpkg.com/bats/-/bats-0.4.2.tgz#81f222bbcbb083d1528b3e8830a6e8f314876ec6"

max-timeout@=1.0.0:
  version "1.0.0"
  resolved "https://registry.yarnpkg.com/max-timeout/-/max-timeout-1.0.0.tgz#b68f69a2f99e0b476fd4cb23e2059ca750715e1f"

pkginfo@^0.4.0:
  version "0.4.0"
  resolved "https://registry.yarnpkg.com/pkginfo/-/pkginfo-0.4.0.tgz#349dbb7ffd38081fcadc0853df687f0c7744cd65"
